# generated by rye
# use `rye lock` or `rye sync` to update this lockfile
#
# last locked with the following flags:
#   pre: false
#   features: []
#   all-features: false
#   with-sources: false
#   generate-hashes: false
#   universal: false

-e file:.
aiohappyeyeballs==2.4.3
    # via aiohttp
aiohttp==3.10.10
    # via web3
aiosignal==1.3.1
    # via aiohttp
annotated-types==0.7.0
    # via pydantic
anyio==4.6.0
    # via httpx
    # via openai
attrs==24.2.0
    # via aiohttp
bitarray==2.9.3
    # via eth-account
blinker==1.8.2
    # via flask
certifi==2024.8.30
    # via httpcore
    # via httpx
    # via requests
charset-normalizer==3.4.0
    # via requests
ckzg==2.0.1
    # via eth-account
click==8.1.7
    # via flask
cytoolz==1.0.0
    # via eth-utils
distro==1.9.0
    # via openai
dnspython==2.7.0
    # via pymongo
eth-abi==5.1.0
    # via eth-account
    # via web3
eth-account==0.13.4
    # via web3
eth-hash==0.7.0
    # via eth-utils
    # via web3
eth-keyfile==0.8.1
    # via eth-account
eth-keys==0.5.1
    # via eth-account
    # via eth-keyfile
eth-rlp==2.1.0
    # via eth-account
eth-typing==5.0.0
    # via eth-abi
    # via eth-keys
    # via eth-utils
    # via web3
eth-utils==5.0.0
    # via eth-abi
    # via eth-account
    # via eth-keyfile
    # via eth-keys
    # via eth-rlp
    # via rlp
    # via web3
flask==3.0.3
    # via api
    # via flask-cors
flask-cors==5.0.0
    # via api
frozenlist==1.4.1
    # via aiohttp
    # via aiosignal
h11==0.14.0
    # via httpcore
hexbytes==1.2.1
    # via eth-account
    # via eth-rlp
    # via eth-utils
    # via web3
httpcore==1.0.6
    # via httpx
httpx==0.27.2
    # via langsmith
    # via openai
idna==3.10
    # via anyio
    # via httpx
    # via requests
    # via yarl
itsdangerous==2.2.0
    # via flask
jinja2==3.1.4
    # via flask
jiter==0.6.1
    # via openai
jsonpatch==1.33
    # via langchain-core
jsonpointer==3.0.0
    # via jsonpatch
langchain-core==0.3.10
    # via langchain-openai
langchain-openai==0.2.2
    # via api
langsmith==0.1.134
    # via langchain-core
markupsafe==3.0.1
    # via jinja2
    # via werkzeug
multidict==6.1.0
    # via aiohttp
    # via yarl
openai==1.51.2
    # via langchain-openai
orjson==3.10.7
    # via langsmith
packaging==23.2
    # via langchain-core
    # via py-solc-x
parsimonious==0.10.0
    # via eth-abi
propcache==0.2.0
    # via yarl
py-solc-x==2.0.3
    # via api
pycryptodome==3.21.0
    # via eth-hash
    # via eth-keyfile
pydantic==2.9.2
    # via eth-account
    # via langchain-core
    # via langsmith
    # via openai
    # via web3
pydantic-core==2.23.4
    # via pydantic
pymongo==4.10.1
    # via api
python-dotenv==1.0.1
    # via api
pyunormalize==16.0.0
    # via web3
pyyaml==6.0.2
    # via langchain-core
regex==2024.9.11
    # via parsimonious
    # via tiktoken
requests==2.32.3
    # via langsmith
    # via py-solc-x
    # via requests-toolbelt
    # via tiktoken
    # via web3
requests-toolbelt==1.0.0
    # via langsmith
rlp==4.0.1
    # via eth-account
    # via eth-rlp
sniffio==1.3.1
    # via anyio
    # via httpx
    # via openai
tenacity==8.5.0
    # via langchain-core
tiktoken==0.8.0
    # via langchain-openai
toolz==1.0.0
    # via cytoolz
tqdm==4.66.5
    # via openai
types-requests==2.32.0.20240914
    # via web3
typing-extensions==4.12.2
    # via eth-typing
    # via langchain-core
    # via openai
    # via pydantic
    # via pydantic-core
    # via web3
urllib3==2.2.3
    # via requests
    # via types-requests
web3==7.3.0
    # via api
websockets==13.1
    # via web3
werkzeug==3.0.4
    # via flask
yarl==1.15.0
    # via aiohttp
